
Microsoft Visual Studio Solution File, Format Version 12.00
# Visual Studio Version 16
VisualStudioVersion = 16.0.29728.190
MinimumVisualStudioVersion = 10.0.40219.1
Project("{FAE04EC0-301F-11D3-BF4B-00C04F79EFBC}") = "Cerradura_Kleene", "Autmatas\Cerradura_Kleene.csproj", "{D0AD44F7-235B-4AC4-AEFE-6F011B723A3E}"
EndProject
Global
	GlobalSection(SolutionConfigurationPlatforms) = preSolution
		Debug|Any CPU = Debug|Any CPU
		Release|Any CPU = Release|Any CPU
	EndGlobalSection
	GlobalSection(ProjectConfigurationPlatforms) = postSolution
		{D0AD44F7-235B-4AC4-AEFE-6F011B723A3E}.Debug|Any CPU.ActiveCfg = Debug|Any CPU
		{D0AD44F7-235B-4AC4-AEFE-6F011B723A3E}.Debug|Any CPU.Build.0 = Debug|Any CPU
		{D0AD44F7-235B-4AC4-AEFE-6F011B723A3E}.Release|Any CPU.ActiveCfg = Release|Any CPU
		{D0AD44F7-235B-4AC4-AEFE-6F011B723A3E}.Release|Any CPU.Build.0 = Release|Any CPU
	EndGlobalSection
	GlobalSection(SolutionProperties) = preSolution
		HideSolutionNode = FALSE
	EndGlobalSection
	GlobalSection(ExtensibilityGlobals) = postSolution
		SolutionGuid = {E593EC79-A622-4F5B-A257-CF77F0766215}
	EndGlobalSection
EndGlobal
